<?xml version="1.0" encoding="utf-8"?>
<Project ToolsVersion="4.0" xmlns="http://schemas.microsoft.com/developer/msbuild/2003">
  <ItemGroup>
    <Filter Include="Source Files">
      <UniqueIdentifier>{4FC737F1-C7A5-4376-A066-2A32D752A2FF}</UniqueIdentifier>
      <Extensions>qml;cpp;c;cc;cxx;def;odl;idl;hpj;bat;asm;asmx</Extensions>
    </Filter>
    <Filter Include="Header Files">
      <UniqueIdentifier>{93995380-89BD-4b04-88EB-625FBE52EBFB}</UniqueIdentifier>
      <Extensions>h;hh;hpp;hxx;hm;inl;inc;xsd</Extensions>
    </Filter>
    <Filter Include="Resource Files">
      <UniqueIdentifier>{67DA6AB6-F800-4c08-8B7A-83BB121AAD01}</UniqueIdentifier>
      <Extensions>qrc;rc;ico;cur;bmp;dlg;rc2;rct;bin;rgs;gif;jpg;jpeg;jpe;resx;tiff;tif;png;wav;mfcribbon-ms</Extensions>
    </Filter>
    <Filter Include="Form Files">
      <UniqueIdentifier>{99349809-55BA-4b9d-BF79-8FDBB0286EB3}</UniqueIdentifier>
      <Extensions>ui</Extensions>
    </Filter>
    <Filter Include="Translation Files">
      <UniqueIdentifier>{639EADAA-A684-42e4-A9AD-28FC9BCB8F7C}</UniqueIdentifier>
      <Extensions>ts</Extensions>
    </Filter>
  </ItemGroup>
  <ItemGroup>
    <QtRcc Include="SickGUI.qrc">
      <Filter>Resource Files</Filter>
    </QtRcc>
    <QtUic Include="SickGUI.ui">
      <Filter>Form Files</Filter>
    </QtUic>
    <QtMoc Include="SickGUI.h">
      <Filter>Header Files</Filter>
    </QtMoc>
    <ClCompile Include="SickGUI.cpp">
      <Filter>Source Files</Filter>
    </ClCompile>
  </ItemGroup>
  <ItemGroup>
    <ClCompile Include="main.cpp">
      <Filter>Source Files</Filter>
    </ClCompile>
    <ClCompile Include="sickapi\AuthenticationLegacy.cpp">
      <Filter>Source Files</Filter>
    </ClCompile>
    <ClCompile Include="sickapi\CoLa2ProtocolHandler.cpp">
      <Filter>Source Files</Filter>
    </ClCompile>
    <ClCompile Include="sickapi\CoLaBProtocolHandler.cpp">
      <Filter>Source Files</Filter>
    </ClCompile>
    <ClCompile Include="sickapi\CoLaCommand.cpp">
      <Filter>Source Files</Filter>
    </ClCompile>
    <ClCompile Include="sickapi\CoLaParameterReader.cpp">
      <Filter>Source Files</Filter>
    </ClCompile>
    <ClCompile Include="sickapi\CoLaParameterWriter.cpp">
      <Filter>Source Files</Filter>
    </ClCompile>
    <ClCompile Include="sickapi\ControlSession.cpp">
      <Filter>Source Files</Filter>
    </ClCompile>
    <ClCompile Include="sickapi\IAuthentication.cpp">
      <Filter>Source Files</Filter>
    </ClCompile>
    <ClCompile Include="sickapi\IProtocolHandler.cpp">
      <Filter>Source Files</Filter>
    </ClCompile>
    <ClCompile Include="sickapi\MD5.cpp">
      <Filter>Source Files</Filter>
    </ClCompile>
    <ClCompile Include="sickapi\PointCloudPlyWriter.cpp">
      <Filter>Source Files</Filter>
    </ClCompile>
    <ClCompile Include="sickapi\TcpSocket.cpp">
      <Filter>Source Files</Filter>
    </ClCompile>
    <ClCompile Include="sickapi\UdpSocket.cpp">
      <Filter>Source Files</Filter>
    </ClCompile>
    <ClCompile Include="sickapi\VisionaryAutoIPScan.cpp">
      <Filter>Source Files</Filter>
    </ClCompile>
    <ClCompile Include="sickapi\VisionaryControl.cpp">
      <Filter>Source Files</Filter>
    </ClCompile>
    <ClCompile Include="sickapi\VisionaryData.cpp">
      <Filter>Source Files</Filter>
    </ClCompile>
    <ClCompile Include="sickapi\VisionaryDataStream.cpp">
      <Filter>Source Files</Filter>
    </ClCompile>
    <ClCompile Include="sickapi\VisionarySData.cpp">
      <Filter>Source Files</Filter>
    </ClCompile>
    <ClCompile Include="sickapi\VisionaryTData.cpp">
      <Filter>Source Files</Filter>
    </ClCompile>
    <ClCompile Include="sickapi\VisionaryTMiniData.cpp">
      <Filter>Source Files</Filter>
    </ClCompile>
    <ClCompile Include="VisionaryCamera.cpp">
      <Filter>Source Files</Filter>
    </ClCompile>
    <ClCompile Include="CaptureThread.cpp">
      <Filter>Source Files</Filter>
    </ClCompile>
    <ClCompile Include="PlcThread.cpp">
      <Filter>Source Files</Filter>
    </ClCompile>
    <ClCompile Include="snap7\snap7.cpp">
      <Filter>Source Files</Filter>
    </ClCompile>
    <ClCompile Include="VisionaryAutoIPScanCustom.cpp">
      <Filter>Source Files</Filter>
    </ClCompile>
  </ItemGroup>
  <ItemGroup>
    <ClInclude Include="sickapi\AuthenticationLegacy.h">
      <Filter>Header Files</Filter>
    </ClInclude>
    <ClInclude Include="sickapi\CoLa2ProtocolHandler.h">
      <Filter>Header Files</Filter>
    </ClInclude>
    <ClInclude Include="sickapi\CoLaBProtocolHandler.h">
      <Filter>Header Files</Filter>
    </ClInclude>
    <ClInclude Include="sickapi\CoLaCommand.h">
      <Filter>Header Files</Filter>
    </ClInclude>
    <ClInclude Include="sickapi\CoLaCommandType.h">
      <Filter>Header Files</Filter>
    </ClInclude>
    <ClInclude Include="sickapi\CoLaError.h">
      <Filter>Header Files</Filter>
    </ClInclude>
    <ClInclude Include="sickapi\CoLaParameterReader.h">
      <Filter>Header Files</Filter>
    </ClInclude>
    <ClInclude Include="sickapi\CoLaParameterWriter.h">
      <Filter>Header Files</Filter>
    </ClInclude>
    <ClInclude Include="sickapi\ControlSession.h">
      <Filter>Header Files</Filter>
    </ClInclude>
    <ClInclude Include="sickapi\IAuthentication.h">
      <Filter>Header Files</Filter>
    </ClInclude>
    <ClInclude Include="sickapi\IProtocolHandler.h">
      <Filter>Header Files</Filter>
    </ClInclude>
    <ClInclude Include="sickapi\ITransport.h">
      <Filter>Header Files</Filter>
    </ClInclude>
    <ClInclude Include="sickapi\MD5.h">
      <Filter>Header Files</Filter>
    </ClInclude>
    <ClInclude Include="sickapi\PointCloudPlyWriter.h">
      <Filter>Header Files</Filter>
    </ClInclude>
    <ClInclude Include="sickapi\PointXYZ.h">
      <Filter>Header Files</Filter>
    </ClInclude>
    <ClInclude Include="sickapi\TcpSocket.h">
      <Filter>Header Files</Filter>
    </ClInclude>
    <ClInclude Include="sickapi\UdpSocket.h">
      <Filter>Header Files</Filter>
    </ClInclude>
    <ClInclude Include="sickapi\VisionaryAutoIPScan.h">
      <Filter>Header Files</Filter>
    </ClInclude>
    <ClInclude Include="sickapi\VisionaryControl.h">
      <Filter>Header Files</Filter>
    </ClInclude>
    <ClInclude Include="sickapi\VisionaryData.h">
      <Filter>Header Files</Filter>
    </ClInclude>
    <ClInclude Include="sickapi\VisionaryDataStream.h">
      <Filter>Header Files</Filter>
    </ClInclude>
    <ClInclude Include="sickapi\VisionaryEndian.h">
      <Filter>Header Files</Filter>
    </ClInclude>
    <ClInclude Include="sickapi\VisionarySData.h">
      <Filter>Header Files</Filter>
    </ClInclude>
    <ClInclude Include="sickapi\VisionaryTData.h">
      <Filter>Header Files</Filter>
    </ClInclude>
    <ClInclude Include="sickapi\VisionaryTMiniData.h">
      <Filter>Header Files</Filter>
    </ClInclude>
    <ClInclude Include="Camera.h">
      <Filter>Header Files</Filter>
    </ClInclude>
    <ClInclude Include="VisionaryCamera.h">
      <Filter>Header Files</Filter>
    </ClInclude>
    <ClInclude Include="snap7\snap7.h">
      <Filter>Header Files</Filter>
    </ClInclude>
    <ClInclude Include="VisionaryAutoIPScanCustom.h">
      <Filter>Header Files</Filter>
    </ClInclude>
    <ClInclude Include="VisionaryFrameset.h">
      <Filter>Header Files</Filter>
    </ClInclude>
  </ItemGroup>
  <ItemGroup>
    <None Include="packages.config" />
  </ItemGroup>
  <ItemGroup>
    <QtMoc Include="CaptureThread.h">
      <Filter>Header Files</Filter>
    </QtMoc>
    <QtMoc Include="PlcThread.h">
      <Filter>Header Files</Filter>
    </QtMoc>
  </ItemGroup>
  <ItemGroup>
    <CopyFileToFolders Include="snap7\snap7.dll" />
    <CopyFileToFolders Include="snap7\snap7.exp" />
  </ItemGroup>
  <ItemGroup>
    <Library Include="snap7\snap7.lib" />
  </ItemGroup>
</Project>