<?xml version="1.0" encoding="utf-8"?>
<Project ToolsVersion="4.0" xmlns="http://schemas.microsoft.com/developer/msbuild/2003">
  <ItemGroup>
    <Filter Include="Source Files">
      <UniqueIdentifier>{4FC737F1-C7A5-4376-A066-2A32D752A2FF}</UniqueIdentifier>
      <Extensions>qml;cpp;c;cc;cxx;def;odl;idl;hpj;bat;asm;asmx</Extensions>
    </Filter>
    <Filter Include="Header Files">
      <UniqueIdentifier>{93995380-89BD-4b04-88EB-625FBE52EBFB}</UniqueIdentifier>
      <Extensions>h;hh;hpp;hxx;hm;inl;inc;xsd</Extensions>
    </Filter>
    <Filter Include="Resource Files">
      <UniqueIdentifier>{67DA6AB6-F800-4c08-8B7A-83BB121AAD01}</UniqueIdentifier>
      <Extensions>qrc;rc;ico;cur;bmp;dlg;rc2;rct;bin;rgs;gif;jpg;jpeg;jpe;resx;tiff;tif;png;wav;mfcribbon-ms</Extensions>
    </Filter>
    <Filter Include="Form Files">
      <UniqueIdentifier>{99349809-55BA-4b9d-BF79-8FDBB0286EB3}</UniqueIdentifier>
      <Extensions>ui</Extensions>
    </Filter>
    <Filter Include="Translation Files">
      <UniqueIdentifier>{639EADAA-A684-42e4-A9AD-28FC9BCB8F7C}</UniqueIdentifier>
      <Extensions>ts</Extensions>
    </Filter>
    <Filter Include="Configuration">
      <UniqueIdentifier>{7154a17e-55d3-493c-a4e2-6b7f1d162418}</UniqueIdentifier>
    </Filter>
  </ItemGroup>
  <ItemGroup>
    <QtRcc Include="SickGUI.qrc">
      <Filter>Resource Files</Filter>
    </QtRcc>
    <QtMoc Include="SickGUI.h">
      <Filter>Header Files</Filter>
    </QtMoc>
  </ItemGroup>
  <ItemGroup>
    <ClCompile Include="main.cpp">
      <Filter>Source Files</Filter>
    </ClCompile>
    <ClCompile Include="VisionaryCamera.cpp">
      <Filter>Source Files</Filter>
    </ClCompile>
    <ClCompile Include="threads\CaptureThread.cpp">
      <Filter>Source Files</Filter>
    </ClCompile>
    <ClCompile Include="threads\PlcThread.cpp">
      <Filter>Source Files</Filter>
    </ClCompile>
    <ClCompile Include="snap7\snap7.cpp">
      <Filter>Source Files</Filter>
    </ClCompile>
    <ClCompile Include="VisionaryAutoIPScanCustom.cpp">
      <Filter>Source Files</Filter>
    </ClCompile>
    <ClCompile Include="SickGUI.cpp">
      <Filter>Source Files</Filter>
    </ClCompile>
    <ClCompile Include="widgets\ImageLabel.cpp">
      <Filter>Source Files</Filter>
    </ClCompile>
    <ClCompile Include="sickapi\include\libs\smart_ptr\src\sp_collector.cpp">
      <Filter>Source Files</Filter>
    </ClCompile>
    <ClCompile Include="sickapi\include\libs\smart_ptr\src\sp_debug_hooks.cpp">
      <Filter>Source Files</Filter>
    </ClCompile>
    <ClCompile Include="sickapi\src\AuthenticationLegacy.cpp">
      <Filter>Source Files</Filter>
    </ClCompile>
    <ClCompile Include="sickapi\src\AuthenticationSecure.cpp">
      <Filter>Source Files</Filter>
    </ClCompile>
    <ClCompile Include="sickapi\src\CoLa2ProtocolHandler.cpp">
      <Filter>Source Files</Filter>
    </ClCompile>
    <ClCompile Include="sickapi\src\CoLaBProtocolHandler.cpp">
      <Filter>Source Files</Filter>
    </ClCompile>
    <ClCompile Include="sickapi\src\CoLaCommand.cpp">
      <Filter>Source Files</Filter>
    </ClCompile>
    <ClCompile Include="sickapi\src\CoLaParameterReader.cpp">
      <Filter>Source Files</Filter>
    </ClCompile>
    <ClCompile Include="sickapi\src\CoLaParameterWriter.cpp">
      <Filter>Source Files</Filter>
    </ClCompile>
    <ClCompile Include="sickapi\src\ControlSession.cpp">
      <Filter>Source Files</Filter>
    </ClCompile>
    <ClCompile Include="sickapi\src\FrameGrabberBase.cpp">
      <Filter>Source Files</Filter>
    </ClCompile>
    <ClCompile Include="sickapi\src\IAuthentication.cpp">
      <Filter>Source Files</Filter>
    </ClCompile>
    <ClCompile Include="sickapi\src\IProtocolHandler.cpp">
      <Filter>Source Files</Filter>
    </ClCompile>
    <ClCompile Include="sickapi\src\MD5.cpp">
      <Filter>Source Files</Filter>
    </ClCompile>
    <ClCompile Include="sickapi\src\PointCloudPlyWriter.cpp">
      <Filter>Source Files</Filter>
    </ClCompile>
    <ClCompile Include="sickapi\src\SHA256.cpp">
      <Filter>Source Files</Filter>
    </ClCompile>
    <ClCompile Include="sickapi\src\TcpSocket.cpp">
      <Filter>Source Files</Filter>
    </ClCompile>
    <ClCompile Include="sickapi\src\UdpSocket.cpp">
      <Filter>Source Files</Filter>
    </ClCompile>
    <ClCompile Include="sickapi\src\VisionaryAutoIPScan.cpp">
      <Filter>Source Files</Filter>
    </ClCompile>
    <ClCompile Include="sickapi\src\VisionaryControl.cpp">
      <Filter>Source Files</Filter>
    </ClCompile>
    <ClCompile Include="sickapi\src\VisionaryData.cpp">
      <Filter>Source Files</Filter>
    </ClCompile>
    <ClCompile Include="sickapi\src\VisionaryDataStream.cpp">
      <Filter>Source Files</Filter>
    </ClCompile>
    <ClCompile Include="sickapi\src\VisionarySData.cpp">
      <Filter>Source Files</Filter>
    </ClCompile>
    <ClCompile Include="sickapi\src\VisionaryTData.cpp">
      <Filter>Source Files</Filter>
    </ClCompile>
    <ClCompile Include="sickapi\src\VisionaryTMiniData.cpp">
      <Filter>Source Files</Filter>
    </ClCompile>
    <ClCompile Include="widgets\LoggingWidget.cpp">
      <Filter>Source Files</Filter>
    </ClCompile>
    <ClCompile Include="CustomMessageHandler.cpp">
      <Filter>Source Files</Filter>
    </ClCompile>
    <ClCompile Include="widgets\LogTextEdit.cpp">
      <Filter>Source Files</Filter>
    </ClCompile>
    <ClCompile Include="widgets\CycleTimeWidget.cpp">
      <Filter>Source Files</Filter>
    </ClCompile>
    <ClCompile Include="widgets\CycleTime.cpp">
      <Filter>Source Files</Filter>
    </ClCompile>
    <ClCompile Include="App.cpp">
      <Filter>Source Files</Filter>
    </ClCompile>
    <ClCompile Include="threads\ThreadInterface.cpp">
      <Filter>Source Files</Filter>
    </ClCompile>
    <ClCompile Include="Frameset.cpp">
      <Filter>Source Files</Filter>
    </ClCompile>
    <ClCompile Include="nodeeditor\src\AbstractGraphModel.cpp">
      <Filter>Source Files</Filter>
    </ClCompile>
    <ClCompile Include="nodeeditor\src\AbstractNodeGeometry.cpp">
      <Filter>Source Files</Filter>
    </ClCompile>
    <ClCompile Include="nodeeditor\src\BasicGraphicsScene.cpp">
      <Filter>Source Files</Filter>
    </ClCompile>
    <ClCompile Include="nodeeditor\src\ConnectionGraphicsObject.cpp">
      <Filter>Source Files</Filter>
    </ClCompile>
    <ClCompile Include="nodeeditor\src\ConnectionPainter.cpp">
      <Filter>Source Files</Filter>
    </ClCompile>
    <ClCompile Include="nodeeditor\src\ConnectionState.cpp">
      <Filter>Source Files</Filter>
    </ClCompile>
    <ClCompile Include="nodeeditor\src\ConnectionStyle.cpp">
      <Filter>Source Files</Filter>
    </ClCompile>
    <ClCompile Include="nodeeditor\src\DataFlowGraphicsScene.cpp">
      <Filter>Source Files</Filter>
    </ClCompile>
    <ClCompile Include="nodeeditor\src\DataFlowGraphModel.cpp">
      <Filter>Source Files</Filter>
    </ClCompile>
    <ClCompile Include="nodeeditor\src\DefaultHorizontalNodeGeometry.cpp">
      <Filter>Source Files</Filter>
    </ClCompile>
    <ClCompile Include="nodeeditor\src\DefaultNodePainter.cpp">
      <Filter>Source Files</Filter>
    </ClCompile>
    <ClCompile Include="nodeeditor\src\DefaultVerticalNodeGeometry.cpp">
      <Filter>Source Files</Filter>
    </ClCompile>
    <ClCompile Include="nodeeditor\src\Definitions.cpp">
      <Filter>Source Files</Filter>
    </ClCompile>
    <ClCompile Include="nodeeditor\src\GraphicsView.cpp">
      <Filter>Source Files</Filter>
    </ClCompile>
    <ClCompile Include="nodeeditor\src\GraphicsViewStyle.cpp">
      <Filter>Source Files</Filter>
    </ClCompile>
    <ClCompile Include="nodeeditor\src\locateNode.cpp">
      <Filter>Source Files</Filter>
    </ClCompile>
    <ClCompile Include="nodeeditor\src\NodeConnectionInteraction.cpp">
      <Filter>Source Files</Filter>
    </ClCompile>
    <ClCompile Include="nodeeditor\src\NodeDelegateModel.cpp">
      <Filter>Source Files</Filter>
    </ClCompile>
    <ClCompile Include="nodeeditor\src\NodeDelegateModelRegistry.cpp">
      <Filter>Source Files</Filter>
    </ClCompile>
    <ClCompile Include="nodeeditor\src\NodeGraphicsObject.cpp">
      <Filter>Source Files</Filter>
    </ClCompile>
    <ClCompile Include="nodeeditor\src\NodeState.cpp">
      <Filter>Source Files</Filter>
    </ClCompile>
    <ClCompile Include="nodeeditor\src\NodeStyle.cpp">
      <Filter>Source Files</Filter>
    </ClCompile>
    <ClCompile Include="nodeeditor\src\StyleCollection.cpp">
      <Filter>Source Files</Filter>
    </ClCompile>
    <ClCompile Include="nodeeditor\src\UndoCommands.cpp">
      <Filter>Source Files</Filter>
    </ClCompile>
    <ClCompile Include="widgets\FilterEditorWidget.cpp">
      <Filter>Source Files</Filter>
    </ClCompile>
    <ClCompile Include="nodes\ThresholdFilterModel.cpp">
      <Filter>Source Files</Filter>
    </ClCompile>
    <ClCompile Include="nodes\FrameSourceModel.cpp">
      <Filter>Source Files</Filter>
    </ClCompile>
    <ClCompile Include="nodes\FrameViewerModel.cpp">
      <Filter>Source Files</Filter>
    </ClCompile>
    <ClCompile Include="nodes\StackBlurFilterModel.cpp">
      <Filter>Source Files</Filter>
    </ClCompile>
    <ClCompile Include="nodes\ResizeFilterModel.cpp">
      <Filter>Source Files</Filter>
    </ClCompile>
    <ClCompile Include="nodes\SubtractFilterModel.cpp">
      <Filter>Source Files</Filter>
    </ClCompile>
    <ClCompile Include="nodes\BilateralFilterModel.cpp">
      <Filter>Source Files</Filter>
    </ClCompile>
    <ClCompile Include="nodes\BlurFilterModel.cpp">
      <Filter>Source Files</Filter>
    </ClCompile>
    <ClCompile Include="nodes\GaussianBlurFilterModel.cpp">
      <Filter>Source Files</Filter>
    </ClCompile>
    <ClCompile Include="nodes\MedianBlurFilterModel.cpp">
      <Filter>Source Files</Filter>
    </ClCompile>
    <ClCompile Include="nodes\FastNIMeansDenoisingFilterModel.cpp">
      <Filter>Source Files</Filter>
    </ClCompile>
    <ClCompile Include="nodes\PlcStartModel.cpp">
      <Filter>Source Files</Filter>
    </ClCompile>
    <ClCompile Include="nodes\PlcEndModel.cpp">
      <Filter>Source Files</Filter>
    </ClCompile>
    <ClCompile Include="nodes\FilterFlowGraphModel.cpp">
      <Filter>Source Files</Filter>
    </ClCompile>
    <ClCompile Include="filters\FilterManager.cpp">
      <Filter>Source Files</Filter>
    </ClCompile>
    <ClCompile Include="filters\BilateralFilter.cpp">
      <Filter>Source Files</Filter>
    </ClCompile>
    <ClCompile Include="filters\BlurFilter.cpp">
      <Filter>Source Files</Filter>
    </ClCompile>
    <ClCompile Include="filters\FastNIMeansDenoisingFilter.cpp">
      <Filter>Source Files</Filter>
    </ClCompile>
    <ClCompile Include="filters\GaussianBlurFilter.cpp">
      <Filter>Source Files</Filter>
    </ClCompile>
    <ClCompile Include="filters\MedianBlurFilter.cpp">
      <Filter>Source Files</Filter>
    </ClCompile>
    <ClCompile Include="filters\ResizeFilter.cpp">
      <Filter>Source Files</Filter>
    </ClCompile>
    <ClCompile Include="filters\StackBlurFilter.cpp">
      <Filter>Source Files</Filter>
    </ClCompile>
    <ClCompile Include="filters\ThresholdFilter.cpp">
      <Filter>Source Files</Filter>
    </ClCompile>
    <ClCompile Include="nodes\MatNodeData.h">
      <Filter>Source Files</Filter>
    </ClCompile>
    <ClCompile Include="nodes\PlcSourceModel.cpp">
      <Filter>Source Files</Filter>
    </ClCompile>
    <ClCompile Include="filters\CropFilter.cpp">
      <Filter>Source Files</Filter>
    </ClCompile>
    <ClCompile Include="filters\SimpleMovingAverageFilter.cpp">
      <Filter>Source Files</Filter>
    </ClCompile>
    <ClCompile Include="filters\ExponentialMovingAverageFilter.cpp">
      <Filter>Source Files</Filter>
    </ClCompile>
    <ClCompile Include="nodes\CropFilterModel.cpp">
      <Filter>Source Files</Filter>
    </ClCompile>
    <ClCompile Include="nodes\SimpleMovingAverageFilterModel.cpp">
      <Filter>Source Files</Filter>
    </ClCompile>
    <ClCompile Include="nodes\ExponentialMovingAverageFilterModel.cpp">
      <Filter>Source Files</Filter>
    </ClCompile>
    <ClCompile Include="nodes\FilterFlowGraphicsScene.cpp">
      <Filter>Source Files</Filter>
    </ClCompile>
  </ItemGroup>
  <ItemGroup>
    <ClInclude Include="snap7\snap7.h">
      <Filter>Header Files</Filter>
    </ClInclude>
    <ClInclude Include="VisionaryAutoIPScanCustom.h">
      <Filter>Header Files</Filter>
    </ClInclude>
    <ClInclude Include="Stream.h">
      <Filter>Header Files</Filter>
    </ClInclude>
    <ClInclude Include="TinyColormap.hpp">
      <Filter>Header Files</Filter>
    </ClInclude>
    <ClInclude Include="sickapi\src\AuthenticationLegacy.h">
      <Filter>Header Files</Filter>
    </ClInclude>
    <ClInclude Include="sickapi\src\AuthenticationSecure.h">
      <Filter>Header Files</Filter>
    </ClInclude>
    <ClInclude Include="sickapi\src\CoLa2ProtocolHandler.h">
      <Filter>Header Files</Filter>
    </ClInclude>
    <ClInclude Include="sickapi\src\CoLaBProtocolHandler.h">
      <Filter>Header Files</Filter>
    </ClInclude>
    <ClInclude Include="sickapi\src\CoLaCommand.h">
      <Filter>Header Files</Filter>
    </ClInclude>
    <ClInclude Include="sickapi\src\CoLaCommandType.h">
      <Filter>Header Files</Filter>
    </ClInclude>
    <ClInclude Include="sickapi\src\CoLaError.h">
      <Filter>Header Files</Filter>
    </ClInclude>
    <ClInclude Include="sickapi\src\CoLaParameterReader.h">
      <Filter>Header Files</Filter>
    </ClInclude>
    <ClInclude Include="sickapi\src\CoLaParameterWriter.h">
      <Filter>Header Files</Filter>
    </ClInclude>
    <ClInclude Include="sickapi\src\ControlSession.h">
      <Filter>Header Files</Filter>
    </ClInclude>
    <ClInclude Include="sickapi\src\Framegrabber.h">
      <Filter>Header Files</Filter>
    </ClInclude>
    <ClInclude Include="sickapi\src\FrameGrabberBase.h">
      <Filter>Header Files</Filter>
    </ClInclude>
    <ClInclude Include="sickapi\src\IAuthentication.h">
      <Filter>Header Files</Filter>
    </ClInclude>
    <ClInclude Include="sickapi\src\IProtocolHandler.h">
      <Filter>Header Files</Filter>
    </ClInclude>
    <ClInclude Include="sickapi\src\ITransport.h">
      <Filter>Header Files</Filter>
    </ClInclude>
    <ClInclude Include="sickapi\src\MD5.h">
      <Filter>Header Files</Filter>
    </ClInclude>
    <ClInclude Include="sickapi\src\PointCloudPlyWriter.h">
      <Filter>Header Files</Filter>
    </ClInclude>
    <ClInclude Include="sickapi\src\PointXYZ.h">
      <Filter>Header Files</Filter>
    </ClInclude>
    <ClInclude Include="sickapi\src\SHA256.h">
      <Filter>Header Files</Filter>
    </ClInclude>
    <ClInclude Include="sickapi\src\TcpSocket.h">
      <Filter>Header Files</Filter>
    </ClInclude>
    <ClInclude Include="sickapi\src\UdpSocket.h">
      <Filter>Header Files</Filter>
    </ClInclude>
    <ClInclude Include="sickapi\src\VisionaryAutoIPScan.h">
      <Filter>Header Files</Filter>
    </ClInclude>
    <ClInclude Include="sickapi\src\VisionaryControl.h">
      <Filter>Header Files</Filter>
    </ClInclude>
    <ClInclude Include="sickapi\src\VisionaryData.h">
      <Filter>Header Files</Filter>
    </ClInclude>
    <ClInclude Include="sickapi\src\VisionaryDataStream.h">
      <Filter>Header Files</Filter>
    </ClInclude>
    <ClInclude Include="sickapi\src\VisionaryEndian.h">
      <Filter>Header Files</Filter>
    </ClInclude>
    <ClInclude Include="sickapi\src\VisionarySData.h">
      <Filter>Header Files</Filter>
    </ClInclude>
    <ClInclude Include="sickapi\src\VisionaryTData.h">
      <Filter>Header Files</Filter>
    </ClInclude>
    <ClInclude Include="sickapi\src\VisionaryTMiniData.h">
      <Filter>Header Files</Filter>
    </ClInclude>
    <ClInclude Include="App.h">
      <Filter>Header Files</Filter>
    </ClInclude>
    <ClInclude Include="threads\ThreadInterface.h">
      <Filter>Header Files</Filter>
    </ClInclude>
    <ClInclude Include="Frameset.h">
      <Filter>Header Files</Filter>
    </ClInclude>
    <ClInclude Include="nodeeditor\src\ConnectionPainter.hpp">
      <Filter>Header Files</Filter>
    </ClInclude>
    <ClInclude Include="nodeeditor\src\DefaultHorizontalNodeGeometry.hpp">
      <Filter>Header Files</Filter>
    </ClInclude>
    <ClInclude Include="nodeeditor\src\DefaultVerticalNodeGeometry.hpp">
      <Filter>Header Files</Filter>
    </ClInclude>
    <ClInclude Include="nodeeditor\src\NodeConnectionInteraction.hpp">
      <Filter>Header Files</Filter>
    </ClInclude>
    <ClInclude Include="nodeeditor\src\UndoCommands.hpp">
      <Filter>Header Files</Filter>
    </ClInclude>
    <ClInclude Include="nodeeditor\include\QtNodes\internal\AbstractNodeGeometry.hpp">
      <Filter>Header Files</Filter>
    </ClInclude>
    <ClInclude Include="nodeeditor\include\QtNodes\internal\AbstractNodePainter.hpp">
      <Filter>Header Files</Filter>
    </ClInclude>
    <ClInclude Include="nodeeditor\include\QtNodes\internal\Compiler.hpp">
      <Filter>Header Files</Filter>
    </ClInclude>
    <ClInclude Include="nodeeditor\include\QtNodes\internal\ConnectionIdHash.hpp">
      <Filter>Header Files</Filter>
    </ClInclude>
    <ClInclude Include="nodeeditor\include\QtNodes\internal\ConnectionIdUtils.hpp">
      <Filter>Header Files</Filter>
    </ClInclude>
    <ClInclude Include="nodeeditor\include\QtNodes\internal\ConnectionState.hpp">
      <Filter>Header Files</Filter>
    </ClInclude>
    <ClInclude Include="nodeeditor\include\QtNodes\internal\ConnectionStyle.hpp">
      <Filter>Header Files</Filter>
    </ClInclude>
    <ClInclude Include="nodeeditor\include\QtNodes\internal\DefaultNodePainter.hpp">
      <Filter>Header Files</Filter>
    </ClInclude>
    <ClInclude Include="nodeeditor\include\QtNodes\internal\Export.hpp">
      <Filter>Header Files</Filter>
    </ClInclude>
    <ClInclude Include="nodeeditor\include\QtNodes\internal\GraphicsViewStyle.hpp">
      <Filter>Header Files</Filter>
    </ClInclude>
    <ClInclude Include="nodeeditor\include\QtNodes\internal\locateNode.hpp">
      <Filter>Header Files</Filter>
    </ClInclude>
    <ClInclude Include="nodeeditor\include\QtNodes\internal\NodeData.hpp">
      <Filter>Header Files</Filter>
    </ClInclude>
    <ClInclude Include="nodeeditor\include\QtNodes\internal\NodeDelegateModelRegistry.hpp">
      <Filter>Header Files</Filter>
    </ClInclude>
    <ClInclude Include="nodeeditor\include\QtNodes\internal\NodeState.hpp">
      <Filter>Header Files</Filter>
    </ClInclude>
    <ClInclude Include="nodeeditor\include\QtNodes\internal\NodeStyle.hpp">
      <Filter>Header Files</Filter>
    </ClInclude>
    <ClInclude Include="nodeeditor\include\QtNodes\internal\OperatingSystem.hpp">
      <Filter>Header Files</Filter>
    </ClInclude>
    <ClInclude Include="nodeeditor\include\QtNodes\internal\QStringStdHash.hpp">
      <Filter>Header Files</Filter>
    </ClInclude>
    <ClInclude Include="nodeeditor\include\QtNodes\internal\QUuidStdHash.hpp">
      <Filter>Header Files</Filter>
    </ClInclude>
    <ClInclude Include="nodeeditor\include\QtNodes\internal\Serializable.hpp">
      <Filter>Header Files</Filter>
    </ClInclude>
    <ClInclude Include="nodeeditor\include\QtNodes\internal\StyleCollection.hpp">
      <Filter>Header Files</Filter>
    </ClInclude>
    <ClInclude Include="filters\FilterManager.h">
      <Filter>Header Files</Filter>
    </ClInclude>
    <ClInclude Include="filters\FilterBase.h">
      <Filter>Header Files</Filter>
    </ClInclude>
    <ClInclude Include="filters\BilateralFilter.h">
      <Filter>Header Files</Filter>
    </ClInclude>
    <ClInclude Include="filters\BlurFilter.h">
      <Filter>Header Files</Filter>
    </ClInclude>
    <ClInclude Include="filters\FastNIMeansDenoisingFilter.h">
      <Filter>Header Files</Filter>
    </ClInclude>
    <ClInclude Include="filters\GaussianBlurFilter.h">
      <Filter>Header Files</Filter>
    </ClInclude>
    <ClInclude Include="filters\MedianBlurFilter.h">
      <Filter>Header Files</Filter>
    </ClInclude>
    <ClInclude Include="filters\ResizeFilter.h">
      <Filter>Header Files</Filter>
    </ClInclude>
    <ClInclude Include="filters\StackBlurFilter.h">
      <Filter>Header Files</Filter>
    </ClInclude>
    <ClInclude Include="filters\ThresholdFilter.h">
      <Filter>Header Files</Filter>
    </ClInclude>
    <ClInclude Include="filters\CropFilter.h">
      <Filter>Header Files</Filter>
    </ClInclude>
    <ClInclude Include="filters\SimpleMovingAverageFilter.h">
      <Filter>Header Files</Filter>
    </ClInclude>
    <ClInclude Include="filters\ExponentialMovingAverageFilter.h">
      <Filter>Header Files</Filter>
    </ClInclude>
    <ClInclude Include="global.h">
      <Filter>Header Files</Filter>
    </ClInclude>
    <ClInclude Include="nodeeditor\include\QtNodes\internal\Style.hpp">
      <Filter>Header Files</Filter>
    </ClInclude>
  </ItemGroup>
  <ItemGroup>
    <QtMoc Include="threads\CaptureThread.h">
      <Filter>Header Files</Filter>
    </QtMoc>
    <QtMoc Include="threads\PlcThread.h">
      <Filter>Header Files</Filter>
    </QtMoc>
    <QtMoc Include="widgets\ImageLabel.h">
      <Filter>Header Files</Filter>
    </QtMoc>
    <QtMoc Include="CustomMessageHandler.h">
      <Filter>Header Files</Filter>
    </QtMoc>
    <QtMoc Include="widgets\CycleTimeWidget.h">
      <Filter>Header Files</Filter>
    </QtMoc>
    <QtMoc Include="widgets\CycleTime.h">
      <Filter>Header Files</Filter>
    </QtMoc>
    <QtMoc Include="widgets\LoggingWidget.h">
      <Filter>Header Files</Filter>
    </QtMoc>
    <QtMoc Include="widgets\LogTextEdit.h">
      <Filter>Header Files</Filter>
    </QtMoc>
    <QtMoc Include="VisionaryCamera.h">
      <Filter>Header Files</Filter>
    </QtMoc>
    <QtMoc Include="nodeeditor\include\QtNodes\internal\AbstractGraphModel.hpp">
      <Filter>Header Files</Filter>
    </QtMoc>
    <QtMoc Include="nodeeditor\include\QtNodes\internal\BasicGraphicsScene.hpp">
      <Filter>Header Files</Filter>
    </QtMoc>
    <QtMoc Include="nodeeditor\include\QtNodes\internal\ConnectionGraphicsObject.hpp">
      <Filter>Header Files</Filter>
    </QtMoc>
    <QtMoc Include="nodeeditor\include\QtNodes\internal\DataFlowGraphicsScene.hpp">
      <Filter>Header Files</Filter>
    </QtMoc>
    <QtMoc Include="nodeeditor\include\QtNodes\internal\DataFlowGraphModel.hpp">
      <Filter>Header Files</Filter>
    </QtMoc>
    <QtMoc Include="nodeeditor\include\QtNodes\internal\Definitions.hpp">
      <Filter>Header Files</Filter>
    </QtMoc>
    <QtMoc Include="nodeeditor\include\QtNodes\internal\GraphicsView.hpp">
      <Filter>Header Files</Filter>
    </QtMoc>
    <QtMoc Include="nodeeditor\include\QtNodes\internal\NodeDelegateModel.hpp">
      <Filter>Header Files</Filter>
    </QtMoc>
    <QtMoc Include="nodeeditor\include\QtNodes\internal\NodeGraphicsObject.hpp">
      <Filter>Header Files</Filter>
    </QtMoc>
    <QtMoc Include="nodes\ThresholdFilterModel.h">
      <Filter>Header Files</Filter>
    </QtMoc>
    <QtMoc Include="nodes\FrameSourceModel.h">
      <Filter>Header Files</Filter>
    </QtMoc>
    <QtMoc Include="nodes\FrameViewerModel.h">
      <Filter>Header Files</Filter>
    </QtMoc>
    <QtMoc Include="nodes\StackBlurFilterModel.h">
      <Filter>Header Files</Filter>
    </QtMoc>
    <QtMoc Include="nodes\ResizeFilterModel.h">
      <Filter>Header Files</Filter>
    </QtMoc>
    <QtMoc Include="nodes\SubtractFilterModel.h">
      <Filter>Header Files</Filter>
    </QtMoc>
    <QtMoc Include="nodes\BilateralFilterModel.h">
      <Filter>Header Files</Filter>
    </QtMoc>
    <QtMoc Include="nodes\BlurFilterModel.h">
      <Filter>Header Files</Filter>
    </QtMoc>
    <QtMoc Include="nodes\GaussianBlurFilterModel.h">
      <Filter>Header Files</Filter>
    </QtMoc>
    <QtMoc Include="nodes\MedianBlurFilterModel.h">
      <Filter>Header Files</Filter>
    </QtMoc>
    <QtMoc Include="nodes\FastNIMeansDenoisingFilterModel.h">
      <Filter>Header Files</Filter>
    </QtMoc>
    <QtMoc Include="nodes\PlcStartModel.h">
      <Filter>Header Files</Filter>
    </QtMoc>
    <QtMoc Include="nodes\PlcEndModel.h">
      <Filter>Header Files</Filter>
    </QtMoc>
    <QtMoc Include="nodes\FilterFlowGraphModel.h">
      <Filter>Header Files</Filter>
    </QtMoc>
    <QtMoc Include="widgets\FilterEditorWidget.h">
      <Filter>Header Files</Filter>
    </QtMoc>
    <QtMoc Include="nodes\PlcSourceModel.h">
      <Filter>Header Files</Filter>
    </QtMoc>
    <QtMoc Include="nodes\CropFilterModel.h">
      <Filter>Header Files</Filter>
    </QtMoc>
    <QtMoc Include="nodes\SimpleMovingAverageFilterModel.h">
      <Filter>Header Files</Filter>
    </QtMoc>
    <QtMoc Include="nodes\ExponentialMovingAverageFilterModel.h">
      <Filter>Header Files</Filter>
    </QtMoc>
    <QtMoc Include="nodes\FilterFlowGraphicsScene.h">
      <Filter>Header Files</Filter>
    </QtMoc>
  </ItemGroup>
  <ItemGroup>
    <CopyFileToFolders Include="snap7\snap7.dll" />
    <CopyFileToFolders Include="snap7\snap7.exp" />
    <CopyFileToFolders Include="configuration\configuration.ini">
      <Filter>Configuration</Filter>
    </CopyFileToFolders>
  </ItemGroup>
  <ItemGroup>
    <Library Include="snap7\snap7.lib" />
  </ItemGroup>
  <ItemGroup>
    <None Include="Doxyfile" />
    <None Include="nodes\styles\ValidStyle.json" />
    <None Include="nodes\styles\InvalidStyle.json" />
    <None Include="nodes\styles\DefaultStyle.json" />
  </ItemGroup>
</Project>